{
  "name": "hexus",
  "version": "0.1.0",
  "lockfileVersion": 3,
  "requires": true,
  "packages": {
    "": {
      "name": "hexus",
      "version": "0.1.0",
      "dependencies": {
        "typebox": "^1.0.0"
      }
    },
    "node_modules/typebox": {
      "version": "1.3.8",
      "resolved": "https://registry.npmjs.org/typebox/-/typebox-1.3.8.tgz",
      "integrity": "sha512-xYaJgF0KMvBViKWRaKTAtfR6sDt/yH6xAjGAHXYJxKxUF4pVyPXZZhIlwOg6cDIE81N7L0pyIHs136RHBm6rLQ==",
      "license": "MIT"
    }
  }
}
